
Microsoft Visual Studio Solution File, Format Version 9.00
# Visual Studio 2005
Project("{8BC9CEB8-8B4A-11D0-8D11-00A0C91BC942}") = "v86dude", "v86dude\v86dude.vcproj", "{74C9AA3F-1B94-4DC9-8477-2E0A98F56474}"
EndProject
Global
	GlobalSection(SolutionConfigurationPlatforms) = preSolution
		Debug|Win32 = Debug|Win32
		Release|Win32 = Release|Win32
	EndGlobalSection
	GlobalSection(ProjectConfigurationPlatforms) = postSolution
		{74C9AA3F-1B94-4DC9-8477-2E0A98F56474}.Debug|Win32.ActiveCfg = Debug|Win32
		{74C9AA3F-1B94-4DC9-8477-2E0A98F56474}.Debug|Win32.Build.0 = Debug|Win32
		{74C9AA3F-1B94-4DC9-8477-2E0A98F56474}.Release|Win32.ActiveCfg = Release|Win32
		{74C9AA3F-1B94-4DC9-8477-2E0A98F56474}.Release|Win32.Build.0 = Release|Win32
	EndGlobalSection
	GlobalSection(SolutionProperties) = preSolution
		HideSolutionNode = FALSE
	EndGlobalSection
EndGlobal
